
Microsoft Visual Studio Solution File, Format Version 12.00
# Visual Studio Version 17
VisualStudioVersion = 17.13.35931.197 d17.13
MinimumVisualStudioVersion = 10.0.40219.1
Project("{FAE04EC0-301F-11D3-BF4B-00C04F79EFBC}") = "WebApplicationOnlineShop", "WebApplicationOnlineShop\WebApplicationOnlineShop.csproj", "{B9E8CA49-5426-4FFA-8D86-9DC39D05C1DB}"
EndProject
Global
	GlobalSection(SolutionConfigurationPlatforms) = preSolution
		Debug|Any CPU = Debug|Any CPU
		Release|Any CPU = Release|Any CPU
	EndGlobalSection
	GlobalSection(ProjectConfigurationPlatforms) = postSolution
		{B9E8CA49-5426-4FFA-8D86-9DC39D05C1DB}.Debug|Any CPU.ActiveCfg = Debug|Any CPU
		{B9E8CA49-5426-4FFA-8D86-9DC39D05C1DB}.Debug|Any CPU.Build.0 = Debug|Any CPU
		{B9E8CA49-5426-4FFA-8D86-9DC39D05C1DB}.Release|Any CPU.ActiveCfg = Release|Any CPU
		{B9E8CA49-5426-4FFA-8D86-9DC39D05C1DB}.Release|Any CPU.Build.0 = Release|Any CPU
	EndGlobalSection
	GlobalSection(SolutionProperties) = preSolution
		HideSolutionNode = FALSE
	EndGlobalSection
	GlobalSection(ExtensibilityGlobals) = postSolution
		SolutionGuid = {C5F5CC1C-8567-4954-B828-B889088FB30E}
	EndGlobalSection
EndGlobal
